// !$*UTF8*$!
{
	archiveVersion = 1;
	classes = {
	};
	objectVersion = 46;
	objects = {

/* Begin PBXBuildFile section */
		1F5DD87C1EE7DD7800E3CA79 /* main.m in Sources */ = {isa = PBXBuildFile; fileRef = 1F5DD87B1EE7DD7800E3CA79 /* main.m */; };
		1F5DD87F1EE7DD7800E3CA79 /* AppDelegate.m in Sources */ = {isa = PBXBuildFile; fileRef = 1F5DD87E1EE7DD7800E3CA79 /* AppDelegate.m */; };
		1F5DD8821EE7DD7800E3CA79 /* ViewController.m in Sources */ = {isa = PBXBuildFile; fileRef = 1F5DD8811EE7DD7800E3CA79 /* ViewController.m */; };
		1F5DD8851EE7DD7800E3CA79 /* Main.storyboard in Resources */ = {isa = PBXBuildFile; fileRef = 1F5DD8831EE7DD7800E3CA79 /* Main.storyboard */; };
		1F5DD8871EE7DD7800E3CA79 /* Assets.xcassets in Resources */ = {isa = PBXBuildFile; fileRef = 1F5DD8861EE7DD7800E3CA79 /* Assets.xcassets */; };
		1F5DD88A1EE7DD7800E3CA79 /* LaunchScreen.storyboard in Resources */ = {isa = PBXBuildFile; fileRef = 1F5DD8881EE7DD7800E3CA79 /* LaunchScreen.storyboard */; };
		1F5DD8981EE7E5D800E3CA79 /* UIControl+YYAdd.m in Sources */ = {isa = PBXBuildFile; fileRef = 1F5DD8931EE7E5D800E3CA79 /* UIControl+YYAdd.m */; };
		1F5DD8991EE7E5D800E3CA79 /* UIView+YYAdd.m in Sources */ = {isa = PBXBuildFile; fileRef = 1F5DD8951EE7E5D800E3CA79 /* UIView+YYAdd.m */; };
		1F5DD89A1EE7E5D800E3CA79 /* LFLivePreview.m in Sources */ = {isa = PBXBuildFile; fileRef = 1F5DD8971EE7E5D800E3CA79 /* LFLivePreview.m */; };
		1F5DD89C1EE7FDC600E3CA79 /* IJKMediaFramework.framework in Frameworks */ = {isa = PBXBuildFile; fileRef = 1F5DD89B1EE7FDC600E3CA79 /* IJKMediaFramework.framework */; };
		1F5DD89E1EE7FE0500E3CA79 /* AudioToolbox.framework in Frameworks */ = {isa = PBXBuildFile; fileRef = 1F5DD89D1EE7FE0500E3CA79 /* AudioToolbox.framework */; };
		1F5DD8A01EE7FE0A00E3CA79 /* AVFoundation.framework in Frameworks */ = {isa = PBXBuildFile; fileRef = 1F5DD89F1EE7FE0A00E3CA79 /* AVFoundation.framework */; };
		1F5DD8A21EE7FE1200E3CA79 /* CoreGraphics.framework in Frameworks */ = {isa = PBXBuildFile; fileRef = 1F5DD8A11EE7FE1200E3CA79 /* CoreGraphics.framework */; };
		1F5DD8A41EE7FE1700E3CA79 /* CoreMedia.framework in Frameworks */ = {isa = PBXBuildFile; fileRef = 1F5DD8A31EE7FE1700E3CA79 /* CoreMedia.framework */; };
		1F5DD8A61EE7FE1E00E3CA79 /* CoreVideo.framework in Frameworks */ = {isa = PBXBuildFile; fileRef = 1F5DD8A51EE7FE1E00E3CA79 /* CoreVideo.framework */; };
		1F5DD8A81EE7FE2700E3CA79 /* libbz2.tbd in Frameworks */ = {isa = PBXBuildFile; fileRef = 1F5DD8A71EE7FE2700E3CA79 /* libbz2.tbd */; };
		1F5DD8AA1EE7FE2D00E3CA79 /* libz.tbd in Frameworks */ = {isa = PBXBuildFile; fileRef = 1F5DD8A91EE7FE2D00E3CA79 /* libz.tbd */; };
		1F5DD8AC1EE7FE3200E3CA79 /* MediaPlayer.framework in Frameworks */ = {isa = PBXBuildFile; fileRef = 1F5DD8AB1EE7FE3200E3CA79 /* MediaPlayer.framework */; };
		1F5DD8AE1EE7FE3800E3CA79 /* MobileCoreServices.framework in Frameworks */ = {isa = PBXBuildFile; fileRef = 1F5DD8AD1EE7FE3700E3CA79 /* MobileCoreServices.framework */; };
		1F5DD8B01EE7FE3D00E3CA79 /* OpenGLES.framework in Frameworks */ = {isa = PBXBuildFile; fileRef = 1F5DD8AF1EE7FE3D00E3CA79 /* OpenGLES.framework */; };
		1F5DD8B21EE7FE4200E3CA79 /* QuartzCore.framework in Frameworks */ = {isa = PBXBuildFile; fileRef = 1F5DD8B11EE7FE4200E3CA79 /* QuartzCore.framework */; };
		1F5DD8B41EE7FE4900E3CA79 /* UIKit.framework in Frameworks */ = {isa = PBXBuildFile; fileRef = 1F5DD8B31EE7FE4900E3CA79 /* UIKit.framework */; };
		1F5DD8B61EE7FE5400E3CA79 /* VideoToolbox.framework in Frameworks */ = {isa = PBXBuildFile; fileRef = 1F5DD8B51EE7FE5400E3CA79 /* VideoToolbox.framework */; };
		4232413E5B31AE17699AD173 /* libPods-LivePlayDemo.a in Frameworks */ = {isa = PBXBuildFile; fileRef = 1C853DBD0F72D7F4451FF300 /* libPods-LivePlayDemo.a */; };
/* End PBXBuildFile section */

/* Begin PBXFileReference section */
		1C853DBD0F72D7F4451FF300 /* libPods-LivePlayDemo.a */ = {isa = PBXFileReference; explicitFileType = archive.ar; includeInIndex = 0; path = "libPods-LivePlayDemo.a"; sourceTree = BUILT_PRODUCTS_DIR; };
		1F5DD8771EE7DD7800E3CA79 /* LivePlayDemo.app */ = {isa = PBXFileReference; explicitFileType = wrapper.application; includeInIndex = 0; path = LivePlayDemo.app; sourceTree = BUILT_PRODUCTS_DIR; };
		1F5DD87B1EE7DD7800E3CA79 /* main.m */ = {isa = PBXFileReference; lastKnownFileType = sourcecode.c.objc; path = main.m; sourceTree = "<group>"; };
		1F5DD87D1EE7DD7800E3CA79 /* AppDelegate.h */ = {isa = PBXFileReference; lastKnownFileType = sourcecode.c.h; path = AppDelegate.h; sourceTree = "<group>"; };
		1F5DD87E1EE7DD7800E3CA79 /* AppDelegate.m */ = {isa = PBXFileReference; lastKnownFileType = sourcecode.c.objc; path = AppDelegate.m; sourceTree = "<group>"; };
		1F5DD8801EE7DD7800E3CA79 /* ViewController.h */ = {isa = PBXFileReference; lastKnownFileType = sourcecode.c.h; path = ViewController.h; sourceTree = "<group>"; };
		1F5DD8811EE7DD7800E3CA79 /* ViewController.m */ = {isa = PBXFileReference; lastKnownFileType = sourcecode.c.objc; path = ViewController.m; sourceTree = "<group>"; };
		1F5DD8841EE7DD7800E3CA79 /* Base */ = {isa = PBXFileReference; lastKnownFileType = file.storyboard; name = Base; path = Base.lproj/Main.storyboard; sourceTree = "<group>"; };
		1F5DD8861EE7DD7800E3CA79 /* Assets.xcassets */ = {isa = PBXFileReference; lastKnownFileType = folder.assetcatalog; path = Assets.xcassets; sourceTree = "<group>"; };
		1F5DD8891EE7DD7800E3CA79 /* Base */ = {isa = PBXFileReference; lastKnownFileType = file.storyboard; name = Base; path = Base.lproj/LaunchScreen.storyboard; sourceTree = "<group>"; };
		1F5DD88B1EE7DD7800E3CA79 /* Info.plist */ = {isa = PBXFileReference; lastKnownFileType = text.plist.xml; path = Info.plist; sourceTree = "<group>"; };
		1F5DD8921EE7E5D800E3CA79 /* UIControl+YYAdd.h */ = {isa = PBXFileReference; fileEncoding = 4; lastKnownFileType = sourcecode.c.h; path = "UIControl+YYAdd.h"; sourceTree = "<group>"; };
		1F5DD8931EE7E5D800E3CA79 /* UIControl+YYAdd.m */ = {isa = PBXFileReference; fileEncoding = 4; lastKnownFileType = sourcecode.c.objc; path = "UIControl+YYAdd.m"; sourceTree = "<group>"; };
		1F5DD8941EE7E5D800E3CA79 /* UIView+YYAdd.h */ = {isa = PBXFileReference; fileEncoding = 4; lastKnownFileType = sourcecode.c.h; path = "UIView+YYAdd.h"; sourceTree = "<group>"; };
		1F5DD8951EE7E5D800E3CA79 /* UIView+YYAdd.m */ = {isa = PBXFileReference; fileEncoding = 4; lastKnownFileType = sourcecode.c.objc; path = "UIView+YYAdd.m"; sourceTree = "<group>"; };
		1F5DD8961EE7E5D800E3CA79 /* LFLivePreview.h */ = {isa = PBXFileReference; fileEncoding = 4; lastKnownFileType = sourcecode.c.h; path = LFLivePreview.h; sourceTree = "<group>"; };
		1F5DD8971EE7E5D800E3CA79 /* LFLivePreview.m */ = {isa = PBXFileReference; fileEncoding = 4; lastKnownFileType = sourcecode.c.objc; path = LFLivePreview.m; sourceTree = "<group>"; };
		1F5DD89B1EE7FDC600E3CA79 /* IJKMediaFramework.framework */ = {isa = PBXFileReference; lastKnownFileType = wrapper.framework; path = IJKMediaFramework.framework; sourceTree = "<group>"; };
		1F5DD89D1EE7FE0500E3CA79 /* AudioToolbox.framework */ = {isa = PBXFileReference; lastKnownFileType = wrapper.framework; name = AudioToolbox.framework; path = System/Library/Frameworks/AudioToolbox.framework; sourceTree = SDKROOT; };
		1F5DD89F1EE7FE0A00E3CA79 /* AVFoundation.framework */ = {isa = PBXFileReference; lastKnownFileType = wrapper.framework; name = AVFoundation.framework; path = System/Library/Frameworks/AVFoundation.framework; sourceTree = SDKROOT; };
		1F5DD8A11EE7FE1200E3CA79 /* CoreGraphics.framework */ = {isa = PBXFileReference; lastKnownFileType = wrapper.framework; name = CoreGraphics.framework; path = System/Library/Frameworks/CoreGraphics.framework; sourceTree = SDKROOT; };
		1F5DD8A31EE7FE1700E3CA79 /* CoreMedia.framework */ = {isa = PBXFileReference; lastKnownFileType = wrapper.framework; name = CoreMedia.framework; path = System/Library/Frameworks/CoreMedia.framework; sourceTree = SDKROOT; };
		1F5DD8A51EE7FE1E00E3CA79 /* CoreVideo.framework */ = {isa = PBXFileReference; lastKnownFileType = wrapper.framework; name = CoreVideo.framework; path = System/Library/Frameworks/CoreVideo.framework; sourceTree = SDKROOT; };
		1F5DD8A71EE7FE2700E3CA79 /* libbz2.tbd */ = {isa = PBXFileReference; lastKnownFileType = "sourcecode.text-based-dylib-definition"; name = libbz2.tbd; path = usr/lib/libbz2.tbd; sourceTree = SDKROOT; };
		1F5DD8A91EE7FE2D00E3CA79 /* libz.tbd */ = {isa = PBXFileReference; lastKnownFileType = "sourcecode.text-based-dylib-definition"; name = libz.tbd; path = usr/lib/libz.tbd; sourceTree = SDKROOT; };
		1F5DD8AB1EE7FE3200E3CA79 /* MediaPlayer.framework */ = {isa = PBXFileReference; lastKnownFileType = wrapper.framework; name = MediaPlayer.framework; path = System/Library/Frameworks/MediaPlayer.framework; sourceTree = SDKROOT; };
		1F5DD8AD1EE7FE3700E3CA79 /* MobileCoreServices.framework */ = {isa = PBXFileReference; lastKnownFileType = wrapper.framework; name = MobileCoreServices.framework; path = System/Library/Frameworks/MobileCoreServices.framework; sourceTree = SDKROOT; };
		1F5DD8AF1EE7FE3D00E3CA79 /* OpenGLES.framework */ = {isa = PBXFileReference; lastKnownFileType = wrapper.framework; name = OpenGLES.framework; path = System/Library/Frameworks/OpenGLES.framework; sourceTree = SDKROOT; };
		1F5DD8B11EE7FE4200E3CA79 /* QuartzCore.framework */ = {isa = PBXFileReference; lastKnownFileType = wrapper.framework; name = QuartzCore.framework; path = System/Library/Frameworks/QuartzCore.framework; sourceTree = SDKROOT; };
		1F5DD8B31EE7FE4900E3CA79 /* UIKit.framework */ = {isa = PBXFileReference; lastKnownFileType = wrapper.framework; name = UIKit.framework; path = System/Library/Frameworks/UIKit.framework; sourceTree = SDKROOT; };
		1F5DD8B51EE7FE5400E3CA79 /* VideoToolbox.framework */ = {isa = PBXFileReference; lastKnownFileType = wrapper.framework; name = VideoToolbox.framework; path = System/Library/Frameworks/VideoToolbox.framework; sourceTree = SDKROOT; };
		AB65D4ABD89807A5C60AF0C5 /* Pods-LivePlayDemo.debug.xcconfig */ = {isa = PBXFileReference; includeInIndex = 1; lastKnownFileType = text.xcconfig; name = "Pods-LivePlayDemo.debug.xcconfig"; path = "Pods/Target Support Files/Pods-LivePlayDemo/Pods-LivePlayDemo.debug.xcconfig"; sourceTree = "<group>"; };
		C1570F2BAFF2CF8AD11A4BEA /* Pods-LivePlayDemo.release.xcconfig */ = {isa = PBXFileReference; includeInIndex = 1; lastKnownFileType = text.xcconfig; name = "Pods-LivePlayDemo.release.xcconfig"; path = "Pods/Target Support Files/Pods-LivePlayDemo/Pods-LivePlayDemo.release.xcconfig"; sourceTree = "<group>"; };
/* End PBXFileReference section */

/* Begin PBXFrameworksBuildPhase section */
		1F5DD8741EE7DD7800E3CA79 /* Frameworks */ = {
			isa = PBXFrameworksBuildPhase;
			buildActionMask = 2147483647;
			files = (
				1F5DD8B61EE7FE5400E3CA79 /* VideoToolbox.framework in Frameworks */,
				1F5DD8B41EE7FE4900E3CA79 /* UIKit.framework in Frameworks */,
				1F5DD8B21EE7FE4200E3CA79 /* QuartzCore.framework in Frameworks */,
				1F5DD8B01EE7FE3D00E3CA79 /* OpenGLES.framework in Frameworks */,
				1F5DD8AE1EE7FE3800E3CA79 /* MobileCoreServices.framework in Frameworks */,
				1F5DD8AC1EE7FE3200E3CA79 /* MediaPlayer.framework in Frameworks */,
				1F5DD8AA1EE7FE2D00E3CA79 /* libz.tbd in Frameworks */,
				1F5DD8A81EE7FE2700E3CA79 /* libbz2.tbd in Frameworks */,
				1F5DD8A61EE7FE1E00E3CA79 /* CoreVideo.framework in Frameworks */,
				1F5DD8A41EE7FE1700E3CA79 /* CoreMedia.framework in Frameworks */,
				1F5DD8A21EE7FE1200E3CA79 /* CoreGraphics.framework in Frameworks */,
				1F5DD8A01EE7FE0A00E3CA79 /* AVFoundation.framework in Frameworks */,
				1F5DD89E1EE7FE0500E3CA79 /* AudioToolbox.framework in Frameworks */,
				4232413E5B31AE17699AD173 /* libPods-LivePlayDemo.a in Frameworks */,
				1F5DD89C1EE7FDC600E3CA79 /* IJKMediaFramework.framework in Frameworks */,
			);
			runOnlyForDeploymentPostprocessing = 0;
		};
/* End PBXFrameworksBuildPhase section */

/* Begin PBXGroup section */
		1F5DD86E1EE7DD7800E3CA79 = {
			isa = PBXGroup;
			children = (
				1F5DD8791EE7DD7800E3CA79 /* LivePlayDemo */,
				1F5DD8781EE7DD7800E3CA79 /* Products */,
				8A6C894143190520F6F31DA3 /* Pods */,
				DFE8405DB61A781DAB4AE175 /* Frameworks */,
			);
			sourceTree = "<group>";
		};
		1F5DD8781EE7DD7800E3CA79 /* Products */ = {
			isa = PBXGroup;
			children = (
				1F5DD8771EE7DD7800E3CA79 /* LivePlayDemo.app */,
			);
			name = Products;
			sourceTree = "<group>";
		};
		1F5DD8791EE7DD7800E3CA79 /* LivePlayDemo */ = {
			isa = PBXGroup;
			children = (
				1F5DD87D1EE7DD7800E3CA79 /* AppDelegate.h */,
				1F5DD87E1EE7DD7800E3CA79 /* AppDelegate.m */,
				1F5DD8911EE7E5D800E3CA79 /* category */,
				1F5DD8961EE7E5D800E3CA79 /* LFLivePreview.h */,
				1F5DD8971EE7E5D800E3CA79 /* LFLivePreview.m */,
				1F5DD8801EE7DD7800E3CA79 /* ViewController.h */,
				1F5DD8811EE7DD7800E3CA79 /* ViewController.m */,
				1F5DD8831EE7DD7800E3CA79 /* Main.storyboard */,
				1F5DD8861EE7DD7800E3CA79 /* Assets.xcassets */,
				1F5DD8881EE7DD7800E3CA79 /* LaunchScreen.storyboard */,
				1F5DD88B1EE7DD7800E3CA79 /* Info.plist */,
				1F5DD87A1EE7DD7800E3CA79 /* Supporting Files */,
			);
			path = LivePlayDemo;
			sourceTree = "<group>";
		};
		1F5DD87A1EE7DD7800E3CA79 /* Supporting Files */ = {
			isa = PBXGroup;
			children = (
				1F5DD87B1EE7DD7800E3CA79 /* main.m */,
			);
			name = "Supporting Files";
			sourceTree = "<group>";
		};
		1F5DD8911EE7E5D800E3CA79 /* category */ = {
			isa = PBXGroup;
			children = (
				1F5DD8921EE7E5D800E3CA79 /* UIControl+YYAdd.h */,
				1F5DD8931EE7E5D800E3CA79 /* UIControl+YYAdd.m */,
				1F5DD8941EE7E5D800E3CA79 /* UIView+YYAdd.h */,
				1F5DD8951EE7E5D800E3CA79 /* UIView+YYAdd.m */,
			);
			path = category;
			sourceTree = "<group>";
		};
		8A6C894143190520F6F31DA3 /* Pods */ = {
			isa = PBXGroup;
			children = (
				AB65D4ABD89807A5C60AF0C5 /* Pods-LivePlayDemo.debug.xcconfig */,
				C1570F2BAFF2CF8AD11A4BEA /* Pods-LivePlayDemo.release.xcconfig */,
			);
			name = Pods;
			sourceTree = "<group>";
		};
		DFE8405DB61A781DAB4AE175 /* Frameworks */ = {
			isa = PBXGroup;
			children = (
				1F5DD8B51EE7FE5400E3CA79 /* VideoToolbox.framework */,
				1F5DD8B31EE7FE4900E3CA79 /* UIKit.framework */,
				1F5DD8B11EE7FE4200E3CA79 /* QuartzCore.framework */,
				1F5DD8AF1EE7FE3D00E3CA79 /* OpenGLES.framework */,
				1F5DD8AD1EE7FE3700E3CA79 /* MobileCoreServices.framework */,
				1F5DD8AB1EE7FE3200E3CA79 /* MediaPlayer.framework */,
				1F5DD8A91EE7FE2D00E3CA79 /* libz.tbd */,
				1F5DD8A71EE7FE2700E3CA79 /* libbz2.tbd */,
				1F5DD8A51EE7FE1E00E3CA79 /* CoreVideo.framework */,
				1F5DD8A31EE7FE1700E3CA79 /* CoreMedia.framework */,
				1F5DD8A11EE7FE1200E3CA79 /* CoreGraphics.framework */,
				1F5DD89F1EE7FE0A00E3CA79 /* AVFoundation.framework */,
				1F5DD89D1EE7FE0500E3CA79 /* AudioToolbox.framework */,
				1F5DD89B1EE7FDC600E3CA79 /* IJKMediaFramework.framework */,
				1C853DBD0F72D7F4451FF300 /* libPods-LivePlayDemo.a */,
			);
			name = Frameworks;
			sourceTree = "<group>";
		};
/* End PBXGroup section */

/* Begin PBXNativeTarget section */
		1F5DD8761EE7DD7800E3CA79 /* LivePlayDemo */ = {
			isa = PBXNativeTarget;
			buildConfigurationList = 1F5DD88E1EE7DD7800E3CA79 /* Build configuration list for PBXNativeTarget "LivePlayDemo" */;
			buildPhases = (
				F2F18F5D90464C605ECF67B8 /* [CP] Check Pods Manifest.lock */,
				1F5DD8731EE7DD7800E3CA79 /* Sources */,
				1F5DD8741EE7DD7800E3CA79 /* Frameworks */,
				1F5DD8751EE7DD7800E3CA79 /* Resources */,
				D8FA926B37A972D58FA3AC76 /* [CP] Embed Pods Frameworks */,
				D831B95E14B04CD268E7827B /* [CP] Copy Pods Resources */,
			);
			buildRules = (
			);
			dependencies = (
			);
			name = LivePlayDemo;
			productName = LivePlayDemo;
			productReference = 1F5DD8771EE7DD7800E3CA79 /* LivePlayDemo.app */;
			productType = "com.apple.product-type.application";
		};
/* End PBXNativeTarget section */

/* Begin PBXProject section */
		1F5DD86F1EE7DD7800E3CA79 /* Project object */ = {
			isa = PBXProject;
			attributes = {
				LastUpgradeCheck = 0830;
				ORGANIZATIONNAME = yougou;
				TargetAttributes = {
					1F5DD8761EE7DD7800E3CA79 = {
						CreatedOnToolsVersion = 8.3.2;
						DevelopmentTeam = F238MBAT8B;
						ProvisioningStyle = Automatic;
					};
				};
			};
			buildConfigurationList = 1F5DD8721EE7DD7800E3CA79 /* Build configuration list for PBXProject "LivePlayDemo" */;
			compatibilityVersion = "Xcode 3.2";
			developmentRegion = English;
			hasScannedForEncodings = 0;
			knownRegions = (
				en,
				Base,
			);
			mainGroup = 1F5DD86E1EE7DD7800E3CA79;
			productRefGroup = 1F5DD8781EE7DD7800E3CA79 /* Products */;
			projectDirPath = "";
			projectRoot = "";
			targets = (
				1F5DD8761EE7DD7800E3CA79 /* LivePlayDemo */,
			);
		};
/* End PBXProject section */

/* Begin PBXResourcesBuildPhase section */
		1F5DD8751EE7DD7800E3CA79 /* Resources */ = {
			isa = PBXResourcesBuildPhase;
			buildActionMask = 2147483647;
			files = (
				1F5DD88A1EE7DD7800E3CA79 /* LaunchScreen.storyboard in Resources */,
				1F5DD8871EE7DD7800E3CA79 /* Assets.xcassets in Resources */,
				1F5DD8851EE7DD7800E3CA79 /* Main.storyboard in Resources */,
			);
			runOnlyForDeploymentPostprocessing = 0;
		};
/* End PBXResourcesBuildPhase section */

/* Begin PBXShellScriptBuildPhase section */
		D831B95E14B04CD268E7827B /* [CP] Copy Pods Resources */ = {
			isa = PBXShellScriptBuildPhase;
			buildActionMask = 2147483647;
			files = (
			);
			inputPaths = (
			);
			name = "[CP] Copy Pods Resources";
			outputPaths = (
			);
			runOnlyForDeploymentPostprocessing = 0;
			shellPath = /bin/sh;
			shellScript = "\"${SRCROOT}/Pods/Target Support Files/Pods-LivePlayDemo/Pods-LivePlayDemo-resources.sh\"\n";
			showEnvVarsInLog = 0;
		};
		D8FA926B37A972D58FA3AC76 /* [CP] Embed Pods Frameworks */ = {
			isa = PBXShellScriptBuildPhase;
			buildActionMask = 2147483647;
			files = (
			);
			inputPaths = (
			);
			name = "[CP] Embed Pods Frameworks";
			outputPaths = (
			);
			runOnlyForDeploymentPostprocessing = 0;
			shellPath = /bin/sh;
			shellScript = "\"${SRCROOT}/Pods/Target Support Files/Pods-LivePlayDemo/Pods-LivePlayDemo-frameworks.sh\"\n";
			showEnvVarsInLog = 0;
		};
		F2F18F5D90464C605ECF67B8 /* [CP] Check Pods Manifest.lock */ = {
			isa = PBXShellScriptBuildPhase;
			buildActionMask = 2147483647;
			files = (
			);
			inputPaths = (
			);
			name = "[CP] Check Pods Manifest.lock";
			outputPaths = (
			);
			runOnlyForDeploymentPostprocessing = 0;
			shellPath = /bin/sh;
			shellScript = "diff \"${PODS_PODFILE_DIR_PATH}/Podfile.lock\" \"${PODS_ROOT}/Manifest.lock\" > /dev/null\nif [ $? != 0 ] ; then\n    # print error to STDERR\n    echo \"error: The sandbox is not in sync with the Podfile.lock. Run 'pod install' or update your CocoaPods installation.\" >&2\n    exit 1\nfi\n";
			showEnvVarsInLog = 0;
		};
/* End PBXShellScriptBuildPhase section */

/* Begin PBXSourcesBuildPhase section */
		1F5DD8731EE7DD7800E3CA79 /* Sources */ = {
			isa = PBXSourcesBuildPhase;
			buildActionMask = 2147483647;
			files = (
				1F5DD89A1EE7E5D800E3CA79 /* LFLivePreview.m in Sources */,
				1F5DD8821EE7DD7800E3CA79 /* ViewController.m in Sources */,
				1F5DD8981EE7E5D800E3CA79 /* UIControl+YYAdd.m in Sources */,
				1F5DD87F1EE7DD7800E3CA79 /* AppDelegate.m in Sources */,
				1F5DD8991EE7E5D800E3CA79 /* UIView+YYAdd.m in Sources */,
				1F5DD87C1EE7DD7800E3CA79 /* main.m in Sources */,
			);
			runOnlyForDeploymentPostprocessing = 0;
		};
/* End PBXSourcesBuildPhase section */

/* Begin PBXVariantGroup section */
		1F5DD8831EE7DD7800E3CA79 /* Main.storyboard */ = {
			isa = PBXVariantGroup;
			children = (
				1F5DD8841EE7DD7800E3CA79 /* Base */,
			);
			name = Main.storyboard;
			sourceTree = "<group>";
		};
		1F5DD8881EE7DD7800E3CA79 /* LaunchScreen.storyboard */ = {
			isa = PBXVariantGroup;
			children = (
				1F5DD8891EE7DD7800E3CA79 /* Base */,
			);
			name = LaunchScreen.storyboard;
			sourceTree = "<group>";
		};
/* End PBXVariantGroup section */

/* Begin XCBuildConfiguration section */
		1F5DD88C1EE7DD7800E3CA79 /* Debug */ = {
			isa = XCBuildConfiguration;
			buildSettings = {
				ALWAYS_SEARCH_USER_PATHS = NO;
				CLANG_ANALYZER_NONNULL = YES;
				CLANG_ANALYZER_NUMBER_OBJECT_CONVERSION = YES_AGGRESSIVE;
				CLANG_CXX_LANGUAGE_STANDARD = "gnu++0x";
				CLANG_CXX_LIBRARY = "libc++";
				CLANG_ENABLE_MODULES = YES;
				CLANG_ENABLE_OBJC_ARC = YES;
				CLANG_WARN_BOOL_CONVERSION = YES;
				CLANG_WARN_CONSTANT_CONVERSION = YES;
				CLANG_WARN_DIRECT_OBJC_ISA_USAGE = YES_ERROR;
				CLANG_WARN_DOCUMENTATION_COMMENTS = YES;
				CLANG_WARN_EMPTY_BODY = YES;
				CLANG_WARN_ENUM_CONVERSION = YES;
				CLANG_WARN_INFINITE_RECURSION = YES;
				CLANG_WARN_INT_CONVERSION = YES;
				CLANG_WARN_OBJC_ROOT_CLASS = YES_ERROR;
				CLANG_WARN_SUSPICIOUS_MOVE = YES;
				CLANG_WARN_UNREACHABLE_CODE = YES;
				CLANG_WARN__DUPLICATE_METHOD_MATCH = YES;
				"CODE_SIGN_IDENTITY[sdk=iphoneos*]" = "iPhone Developer";
				COPY_PHASE_STRIP = NO;
				DEBUG_INFORMATION_FORMAT = dwarf;
				ENABLE_STRICT_OBJC_MSGSEND = YES;
				ENABLE_TESTABILITY = YES;
				GCC_C_LANGUAGE_STANDARD = gnu99;
				GCC_DYNAMIC_NO_PIC = NO;
				GCC_NO_COMMON_BLOCKS = YES;
				GCC_OPTIMIZATION_LEVEL = 0;
				GCC_PREPROCESSOR_DEFINITIONS = (
					"DEBUG=1",
					"$(inherited)",
				);
				GCC_WARN_64_TO_32_BIT_CONVERSION = YES;
				GCC_WARN_ABOUT_RETURN_TYPE = YES_ERROR;
				GCC_WARN_UNDECLARED_SELECTOR = YES;
				GCC_WARN_UNINITIALIZED_AUTOS = YES_AGGRESSIVE;
				GCC_WARN_UNUSED_FUNCTION = YES;
				GCC_WARN_UNUSED_VARIABLE = YES;
				IPHONEOS_DEPLOYMENT_TARGET = 10.3;
				MTL_ENABLE_DEBUG_INFO = YES;
				ONLY_ACTIVE_ARCH = YES;
				SDKROOT = iphoneos;
			};
			name = Debug;
		};
		1F5DD88D1EE7DD7800E3CA79 /* Release */ = {
			isa = XCBuildConfiguration;
			buildSettings = {
				ALWAYS_SEARCH_USER_PATHS = NO;
				CLANG_ANALYZER_NONNULL = YES;
				CLANG_ANALYZER_NUMBER_OBJECT_CONVERSION = YES_AGGRESSIVE;
				CLANG_CXX_LANGUAGE_STANDARD = "gnu++0x";
				CLANG_CXX_LIBRARY = "libc++";
				CLANG_ENABLE_MODULES = YES;
				CLANG_ENABLE_OBJC_ARC = YES;
				CLANG_WARN_BOOL_CONVERSION = YES;
				CLANG_WARN_CONSTANT_CONVERSION = YES;
				CLANG_WARN_DIRECT_OBJC_ISA_USAGE = YES_ERROR;
				CLANG_WARN_DOCUMENTATION_COMMENTS = YES;
				CLANG_WARN_EMPTY_BODY = YES;
				CLANG_WARN_ENUM_CONVERSION = YES;
				CLANG_WARN_INFINITE_RECURSION = YES;
				CLANG_WARN_INT_CONVERSION = YES;
				CLANG_WARN_OBJC_ROOT_CLASS = YES_ERROR;
				CLANG_WARN_SUSPICIOUS_MOVE = YES;
				CLANG_WARN_UNREACHABLE_CODE = YES;
				CLANG_WARN__DUPLICATE_METHOD_MATCH = YES;
				"CODE_SIGN_IDENTITY[sdk=iphoneos*]" = "iPhone Developer";
				COPY_PHASE_STRIP = NO;
				DEBUG_INFORMATION_FORMAT = "dwarf-with-dsym";
				ENABLE_NS_ASSERTIONS = NO;
				ENABLE_STRICT_OBJC_MSGSEND = YES;
				GCC_C_LANGUAGE_STANDARD = gnu99;
				GCC_NO_COMMON_BLOCKS = YES;
				GCC_WARN_64_TO_32_BIT_CONVERSION = YES;
				GCC_WARN_ABOUT_RETURN_TYPE = YES_ERROR;
				GCC_WARN_UNDECLARED_SELECTOR = YES;
				GCC_WARN_UNINITIALIZED_AUTOS = YES_AGGRESSIVE;
				GCC_WARN_UNUSED_FUNCTION = YES;
				GCC_WARN_UNUSED_VARIABLE = YES;
				IPHONEOS_DEPLOYMENT_TARGET = 10.3;
				MTL_ENABLE_DEBUG_INFO = NO;
				SDKROOT = iphoneos;
				VALIDATE_PRODUCT = YES;
			};
			name = Release;
		};
		1F5DD88F1EE7DD7800E3CA79 /* Debug */ = {
			isa = XCBuildConfiguration;
			baseConfigurationReference = AB65D4ABD89807A5C60AF0C5 /* Pods-LivePlayDemo.debug.xcconfig */;
			buildSettings = {
				ASSETCATALOG_COMPILER_APPICON_NAME = AppIcon;
				DEVELOPMENT_TEAM = F238MBAT8B;
				ENABLE_BITCODE = NO;
				FRAMEWORK_SEARCH_PATHS = (
					"$(inherited)",
					"$(PROJECT_DIR)",
				);
				INFOPLIST_FILE = LivePlayDemo/Info.plist;
				IPHONEOS_DEPLOYMENT_TARGET = 8.0;
				LD_RUNPATH_SEARCH_PATHS = "$(inherited) @executable_path/Frameworks";
				PRODUCT_BUNDLE_IDENTIFIER = net.yougou.LivePlayDemo;
				PRODUCT_NAME = "$(TARGET_NAME)";
			};
			name = Debug;
		};
		1F5DD8901EE7DD7800E3CA79 /* Release */ = {
			isa = XCBuildConfiguration;
			baseConfigurationReference = C1570F2BAFF2CF8AD11A4BEA /* Pods-LivePlayDemo.release.xcconfig */;
			buildSettings = {
				ASSETCATALOG_COMPILER_APPICON_NAME = AppIcon;
				DEVELOPMENT_TEAM = F238MBAT8B;
				ENABLE_BITCODE = NO;
				FRAMEWORK_SEARCH_PATHS = (
					"$(inherited)",
					"$(PROJECT_DIR)",
				);
				INFOPLIST_FILE = LivePlayDemo/Info.plist;
				IPHONEOS_DEPLOYMENT_TARGET = 8.0;
				LD_RUNPATH_SEARCH_PATHS = "$(inherited) @executable_path/Frameworks";
				PRODUCT_BUNDLE_IDENTIFIER = net.yougou.LivePlayDemo;
				PRODUCT_NAME = "$(TARGET_NAME)";
			};
			name = Release;
		};
/* End XCBuildConfiguration section */

/* Begin XCConfigurationList section */
		1F5DD8721EE7DD7800E3CA79 /* Build configuration list for PBXProject "LivePlayDemo" */ = {
			isa = XCConfigurationList;
			buildConfigurations = (
				1F5DD88C1EE7DD7800E3CA79 /* Debug */,
				1F5DD88D1EE7DD7800E3CA79 /* Release */,
			);
			defaultConfigurationIsVisible = 0;
			defaultConfigurationName = Release;
		};
		1F5DD88E1EE7DD7800E3CA79 /* Build configuration list for PBXNativeTarget "LivePlayDemo" */ = {
			isa = XCConfigurationList;
			buildConfigurations = (
				1F5DD88F1EE7DD7800E3CA79 /* Debug */,
				1F5DD8901EE7DD7800E3CA79 /* Release */,
			);
			defaultConfigurationIsVisible = 0;
			defaultConfigurationName = Release;
		};
/* End XCConfigurationList section */
	};
	rootObject = 1F5DD86F1EE7DD7800E3CA79 /* Project object */;
}
